
Microsoft Visual Studio Solution File, Format Version 12.00
# Visual Studio 15
VisualStudioVersion = 15.0.28307.1913
MinimumVisualStudioVersion = 10.0.40219.1
Project("{FAE04EC0-301F-11D3-BF4B-00C04F79EFBC}") = "Phase4JoePizzaProject", "Phase4JoePizzaProject\Phase4JoePizzaProject.csproj", "{2151FD18-BB9D-42D2-A5A1-85DDFE55CCF7}"
EndProject
Global
	GlobalSection(SolutionConfigurationPlatforms) = preSolution
		Debug|Any CPU = Debug|Any CPU
		Release|Any CPU = Release|Any CPU
	EndGlobalSection
	GlobalSection(ProjectConfigurationPlatforms) = postSolution
		{2151FD18-BB9D-42D2-A5A1-85DDFE55CCF7}.Debug|Any CPU.ActiveCfg = Debug|Any CPU
		{2151FD18-BB9D-42D2-A5A1-85DDFE55CCF7}.Debug|Any CPU.Build.0 = Debug|Any CPU
		{2151FD18-BB9D-42D2-A5A1-85DDFE55CCF7}.Release|Any CPU.ActiveCfg = Release|Any CPU
		{2151FD18-BB9D-42D2-A5A1-85DDFE55CCF7}.Release|Any CPU.Build.0 = Release|Any CPU
	EndGlobalSection
	GlobalSection(SolutionProperties) = preSolution
		HideSolutionNode = FALSE
	EndGlobalSection
	GlobalSection(ExtensibilityGlobals) = postSolution
		SolutionGuid = {EFD01924-3389-4E12-AEE2-A0283407F709}
	EndGlobalSection
EndGlobal
